
Microsoft Visual Studio Solution File, Format Version 12.00
Project("{FAE04EC0-301F-11D3-BF4B-00C04F79EFBC}") = "Nullinside.Cicd.GitHub", "Nullinside.Cicd.GitHub\Nullinside.Cicd.GitHub.csproj", "{94D9EEEF-B6C7-46AE-AB78-562D42E719A2}"
EndProject
Global
	GlobalSection(SolutionConfigurationPlatforms) = preSolution
		Debug|Any CPU = Debug|Any CPU
		Release|Any CPU = Release|Any CPU
	EndGlobalSection
	GlobalSection(ProjectConfigurationPlatforms) = postSolution
		{94D9EEEF-B6C7-46AE-AB78-562D42E719A2}.Debug|Any CPU.ActiveCfg = Debug|Any CPU
		{94D9EEEF-B6C7-46AE-AB78-562D42E719A2}.Debug|Any CPU.Build.0 = Debug|Any CPU
		{94D9EEEF-B6C7-46AE-AB78-562D42E719A2}.Release|Any CPU.ActiveCfg = Release|Any CPU
		{94D9EEEF-B6C7-46AE-AB78-562D42E719A2}.Release|Any CPU.Build.0 = Release|Any CPU
	EndGlobalSection
EndGlobal
